
Microsoft Visual Studio Solution File, Format Version 12.00
# Visual Studio Version 17
VisualStudioVersion = 17.11.35431.28
MinimumVisualStudioVersion = 10.0.40219.1
Project("{FAE04EC0-301F-11D3-BF4B-00C04F79EFBC}") = "Backend API", "Backend API\Backend API.csproj", "{946EE4F1-4C61-4A32-A1D4-F7056EB7C507}"
EndProject
Project("{FAE04EC0-301F-11D3-BF4B-00C04F79EFBC}") = "Backend Test", "Backend Test\Backend Test.csproj", "{1A3C0A5B-53D9-46F8-91E6-1EED742A4A98}"
EndProject
Global
	GlobalSection(SolutionConfigurationPlatforms) = preSolution
		Debug|Any CPU = Debug|Any CPU
		Release|Any CPU = Release|Any CPU
	EndGlobalSection
	GlobalSection(ProjectConfigurationPlatforms) = postSolution
		{946EE4F1-4C61-4A32-A1D4-F7056EB7C507}.Debug|Any CPU.ActiveCfg = Debug|Any CPU
		{946EE4F1-4C61-4A32-A1D4-F7056EB7C507}.Debug|Any CPU.Build.0 = Debug|Any CPU
		{946EE4F1-4C61-4A32-A1D4-F7056EB7C507}.Release|Any CPU.ActiveCfg = Release|Any CPU
		{946EE4F1-4C61-4A32-A1D4-F7056EB7C507}.Release|Any CPU.Build.0 = Release|Any CPU
		{1A3C0A5B-53D9-46F8-91E6-1EED742A4A98}.Debug|Any CPU.ActiveCfg = Debug|Any CPU
		{1A3C0A5B-53D9-46F8-91E6-1EED742A4A98}.Debug|Any CPU.Build.0 = Debug|Any CPU
		{1A3C0A5B-53D9-46F8-91E6-1EED742A4A98}.Release|Any CPU.ActiveCfg = Release|Any CPU
		{1A3C0A5B-53D9-46F8-91E6-1EED742A4A98}.Release|Any CPU.Build.0 = Release|Any CPU
	EndGlobalSection
	GlobalSection(SolutionProperties) = preSolution
		HideSolutionNode = FALSE
	EndGlobalSection
	GlobalSection(ExtensibilityGlobals) = postSolution
		SolutionGuid = {4A765C32-E019-4E3B-A3BB-888AEED8B62E}
	EndGlobalSection
EndGlobal
